
Microsoft Visual Studio Solution File, Format Version 12.00
# Visual Studio 15
VisualStudioVersion = 15.0.26124.0
MinimumVisualStudioVersion = 15.0.26124.0
Project("{FAE04EC0-301F-11D3-BF4B-00C04F79EFBC}") = "CommandLet.API", "CommandLet.API\CommandLet.API.csproj", "{5399D3F5-ACA4-4E49-8C00-B69CDBA3F2C7}"
EndProject
Project("{FAE04EC0-301F-11D3-BF4B-00C04F79EFBC}") = "CommandLet.Test", "CommandLet.Test\CommandLet.Test.csproj", "{03B7A40D-F1DD-4685-A35E-7333400244BB}"
EndProject
Project("{FAE04EC0-301F-11D3-BF4B-00C04F79EFBC}") = "CommandLet.Models", "CommandLet.Models\CommandLet.Models.csproj", "{237EEFBC-8CFA-4B43-9D52-43D79DD6C2EF}"
EndProject
Global
	GlobalSection(SolutionConfigurationPlatforms) = preSolution
		Debug|Any CPU = Debug|Any CPU
		Debug|x64 = Debug|x64
		Debug|x86 = Debug|x86
		Release|Any CPU = Release|Any CPU
		Release|x64 = Release|x64
		Release|x86 = Release|x86
	EndGlobalSection
	GlobalSection(SolutionProperties) = preSolution
		HideSolutionNode = FALSE
	EndGlobalSection
	GlobalSection(ProjectConfigurationPlatforms) = postSolution
		{5399D3F5-ACA4-4E49-8C00-B69CDBA3F2C7}.Debug|Any CPU.ActiveCfg = Debug|Any CPU
		{5399D3F5-ACA4-4E49-8C00-B69CDBA3F2C7}.Debug|Any CPU.Build.0 = Debug|Any CPU
		{5399D3F5-ACA4-4E49-8C00-B69CDBA3F2C7}.Debug|x64.ActiveCfg = Debug|Any CPU
		{5399D3F5-ACA4-4E49-8C00-B69CDBA3F2C7}.Debug|x64.Build.0 = Debug|Any CPU
		{5399D3F5-ACA4-4E49-8C00-B69CDBA3F2C7}.Debug|x86.ActiveCfg = Debug|Any CPU
		{5399D3F5-ACA4-4E49-8C00-B69CDBA3F2C7}.Debug|x86.Build.0 = Debug|Any CPU
		{5399D3F5-ACA4-4E49-8C00-B69CDBA3F2C7}.Release|Any CPU.ActiveCfg = Release|Any CPU
		{5399D3F5-ACA4-4E49-8C00-B69CDBA3F2C7}.Release|Any CPU.Build.0 = Release|Any CPU
		{5399D3F5-ACA4-4E49-8C00-B69CDBA3F2C7}.Release|x64.ActiveCfg = Release|Any CPU
		{5399D3F5-ACA4-4E49-8C00-B69CDBA3F2C7}.Release|x64.Build.0 = Release|Any CPU
		{5399D3F5-ACA4-4E49-8C00-B69CDBA3F2C7}.Release|x86.ActiveCfg = Release|Any CPU
		{5399D3F5-ACA4-4E49-8C00-B69CDBA3F2C7}.Release|x86.Build.0 = Release|Any CPU
		{03B7A40D-F1DD-4685-A35E-7333400244BB}.Debug|Any CPU.ActiveCfg = Debug|Any CPU
		{03B7A40D-F1DD-4685-A35E-7333400244BB}.Debug|Any CPU.Build.0 = Debug|Any CPU
		{03B7A40D-F1DD-4685-A35E-7333400244BB}.Debug|x64.ActiveCfg = Debug|Any CPU
		{03B7A40D-F1DD-4685-A35E-7333400244BB}.Debug|x64.Build.0 = Debug|Any CPU
		{03B7A40D-F1DD-4685-A35E-7333400244BB}.Debug|x86.ActiveCfg = Debug|Any CPU
		{03B7A40D-F1DD-4685-A35E-7333400244BB}.Debug|x86.Build.0 = Debug|Any CPU
		{03B7A40D-F1DD-4685-A35E-7333400244BB}.Release|Any CPU.ActiveCfg = Release|Any CPU
		{03B7A40D-F1DD-4685-A35E-7333400244BB}.Release|Any CPU.Build.0 = Release|Any CPU
		{03B7A40D-F1DD-4685-A35E-7333400244BB}.Release|x64.ActiveCfg = Release|Any CPU
		{03B7A40D-F1DD-4685-A35E-7333400244BB}.Release|x64.Build.0 = Release|Any CPU
		{03B7A40D-F1DD-4685-A35E-7333400244BB}.Release|x86.ActiveCfg = Release|Any CPU
		{03B7A40D-F1DD-4685-A35E-7333400244BB}.Release|x86.Build.0 = Release|Any CPU
		{237EEFBC-8CFA-4B43-9D52-43D79DD6C2EF}.Debug|Any CPU.ActiveCfg = Debug|Any CPU
		{237EEFBC-8CFA-4B43-9D52-43D79DD6C2EF}.Debug|Any CPU.Build.0 = Debug|Any CPU
		{237EEFBC-8CFA-4B43-9D52-43D79DD6C2EF}.Debug|x64.ActiveCfg = Debug|Any CPU
		{237EEFBC-8CFA-4B43-9D52-43D79DD6C2EF}.Debug|x64.Build.0 = Debug|Any CPU
		{237EEFBC-8CFA-4B43-9D52-43D79DD6C2EF}.Debug|x86.ActiveCfg = Debug|Any CPU
		{237EEFBC-8CFA-4B43-9D52-43D79DD6C2EF}.Debug|x86.Build.0 = Debug|Any CPU
		{237EEFBC-8CFA-4B43-9D52-43D79DD6C2EF}.Release|Any CPU.ActiveCfg = Release|Any CPU
		{237EEFBC-8CFA-4B43-9D52-43D79DD6C2EF}.Release|Any CPU.Build.0 = Release|Any CPU
		{237EEFBC-8CFA-4B43-9D52-43D79DD6C2EF}.Release|x64.ActiveCfg = Release|Any CPU
		{237EEFBC-8CFA-4B43-9D52-43D79DD6C2EF}.Release|x64.Build.0 = Release|Any CPU
		{237EEFBC-8CFA-4B43-9D52-43D79DD6C2EF}.Release|x86.ActiveCfg = Release|Any CPU
		{237EEFBC-8CFA-4B43-9D52-43D79DD6C2EF}.Release|x86.Build.0 = Release|Any CPU
	EndGlobalSection
EndGlobal
